
Microsoft Visual Studio Solution File, Format Version 12.00
# Visual Studio 15
VisualStudioVersion = 15.0.27130.2010
MinimumVisualStudioVersion = 10.0.40219.1
Project("{FAE04EC0-301F-11D3-BF4B-00C04F79EFBC}") = "RequestBatcher", "RequestBatcher.csproj", "{444417F4-BD4E-4C5E-B0FD-FEAECE3DA87E}"
EndProject
Global
	GlobalSection(SolutionConfigurationPlatforms) = preSolution
		Debug|Any CPU = Debug|Any CPU
		Release|Any CPU = Release|Any CPU
	EndGlobalSection
	GlobalSection(ProjectConfigurationPlatforms) = postSolution
		{444417F4-BD4E-4C5E-B0FD-FEAECE3DA87E}.Debug|Any CPU.ActiveCfg = Debug|Any CPU
		{444417F4-BD4E-4C5E-B0FD-FEAECE3DA87E}.Debug|Any CPU.Build.0 = Debug|Any CPU
		{444417F4-BD4E-4C5E-B0FD-FEAECE3DA87E}.Release|Any CPU.ActiveCfg = Release|Any CPU
		{444417F4-BD4E-4C5E-B0FD-FEAECE3DA87E}.Release|Any CPU.Build.0 = Release|Any CPU
	EndGlobalSection
	GlobalSection(SolutionProperties) = preSolution
		HideSolutionNode = FALSE
	EndGlobalSection
	GlobalSection(ExtensibilityGlobals) = postSolution
		SolutionGuid = {5652E344-67AB-48AF-846F-8DCDCB08220D}
	EndGlobalSection
EndGlobal
